Microsoft Visual Studio Solution File, Format Version 11.00
# Visual Studio 2008

Project("{911AEFAA-FD66-71FF-C6D4-E2E524D1F793}") = "GemProspects", "Assembly-CSharp.csproj", "{BB249D2A-92BF-6ACE-875A-60F5CF196814}"
EndProject
Global
	GlobalSection(SolutionConfigurationPlatforms) = preSolution
		Debug|Any CPU = Debug|Any CPU
		Release|Any CPU = Release|Any CPU
	EndGlobalSection
	GlobalSection(ProjectConfigurationPlatforms) = postSolution
		{BB249D2A-92BF-6ACE-875A-60F5CF196814}.Debug|Any CPU.ActiveCfg = Debug|Any CPU
		{BB249D2A-92BF-6ACE-875A-60F5CF196814}.Debug|Any CPU.Build.0 = Debug|Any CPU
		{BB249D2A-92BF-6ACE-875A-60F5CF196814}.Release|Any CPU.ActiveCfg = Release|Any CPU
		{BB249D2A-92BF-6ACE-875A-60F5CF196814}.Release|Any CPU.Build.0 = Release|Any CPU
	EndGlobalSection
	GlobalSection(SolutionProperties) = preSolution
		HideSolutionNode = FALSE
	EndGlobalSection
	GlobalSection(MonoDevelopProperties) = preSolution
		StartupItem = Assembly-CSharp.csproj
	EndGlobalSection
EndGlobal
